// !$*UTF8*$!
{
	archiveVersion = 1;
	classes = {
	};
	objectVersion = 46;
	objects = {

/* Begin PBXBuildFile section */
		E93393C31F062D2800CBD781 /* main.m in Sources */ = {isa = PBXBuildFile; fileRef = E93393C21F062D2700CBD781 /* main.m */; };
		E93393C61F062D2800CBD781 /* AppDelegate.m in Sources */ = {isa = PBXBuildFile; fileRef = E93393C51F062D2800CBD781 /* AppDelegate.m */; };
		E93393CE1F062D2800CBD781 /* Assets.xcassets in Resources */ = {isa = PBXBuildFile; fileRef = E93393CD1F062D2800CBD781 /* Assets.xcassets */; };
		E93393D11F062D2800CBD781 /* LaunchScreen.storyboard in Resources */ = {isa = PBXBuildFile; fileRef = E93393CF1F062D2800CBD781 /* LaunchScreen.storyboard */; };
		E93393DB1F062DA600CBD781 /* NoteVC.m in Sources */ = {isa = PBXBuildFile; fileRef = E93393D91F062DA600CBD781 /* NoteVC.m */; };
		E93393DC1F062DA600CBD781 /* NoteVC.xib in Resources */ = {isa = PBXBuildFile; fileRef = E93393DA1F062DA600CBD781 /* NoteVC.xib */; };
		E93393E01F06422700CBD781 /* InfoCEll.m in Sources */ = {isa = PBXBuildFile; fileRef = E93393DE1F06422700CBD781 /* InfoCEll.m */; };
		E93393E11F06422700CBD781 /* InfoCEll.xib in Resources */ = {isa = PBXBuildFile; fileRef = E93393DF1F06422700CBD781 /* InfoCEll.xib */; };
		E96358581F839B2300E2A5B6 /* ACEDrawingView.m in Sources */ = {isa = PBXBuildFile; fileRef = E96358511F839B2200E2A5B6 /* ACEDrawingView.m */; };
		E96358591F839B2300E2A5B6 /* ACEDrawingLabelView.m in Sources */ = {isa = PBXBuildFile; fileRef = E96358531F839B2200E2A5B6 /* ACEDrawingLabelView.m */; };
		E963585A1F839B2300E2A5B6 /* ACEDrawingToolState.m in Sources */ = {isa = PBXBuildFile; fileRef = E96358541F839B2200E2A5B6 /* ACEDrawingToolState.m */; };
		E963585B1F839B2300E2A5B6 /* ACEDrawingTools.m in Sources */ = {isa = PBXBuildFile; fileRef = E96358551F839B2200E2A5B6 /* ACEDrawingTools.m */; };
		E96B0A5F1F878FDC00532F9F /* UIView+DropShadow.m in Sources */ = {isa = PBXBuildFile; fileRef = E96B0A5E1F878FDC00532F9F /* UIView+DropShadow.m */; };
/* End PBXBuildFile section */

/* Begin PBXFileReference section */
		E93393BE1F062D2700CBD781 /* note App.app */ = {isa = PBXFileReference; explicitFileType = wrapper.application; includeInIndex = 0; path = "note App.app"; sourceTree = BUILT_PRODUCTS_DIR; };
		E93393C21F062D2700CBD781 /* main.m */ = {isa = PBXFileReference; lastKnownFileType = sourcecode.c.objc; path = main.m; sourceTree = "<group>"; };
		E93393C41F062D2800CBD781 /* AppDelegate.h */ = {isa = PBXFileReference; lastKnownFileType = sourcecode.c.h; path = AppDelegate.h; sourceTree = "<group>"; };
		E93393C51F062D2800CBD781 /* AppDelegate.m */ = {isa = PBXFileReference; lastKnownFileType = sourcecode.c.objc; path = AppDelegate.m; sourceTree = "<group>"; };
		E93393CD1F062D2800CBD781 /* Assets.xcassets */ = {isa = PBXFileReference; lastKnownFileType = folder.assetcatalog; path = Assets.xcassets; sourceTree = "<group>"; };
		E93393D01F062D2800CBD781 /* Base */ = {isa = PBXFileReference; lastKnownFileType = file.storyboard; name = Base; path = Base.lproj/LaunchScreen.storyboard; sourceTree = "<group>"; };
		E93393D21F062D2800CBD781 /* Info.plist */ = {isa = PBXFileReference; lastKnownFileType = text.plist.xml; path = Info.plist; sourceTree = "<group>"; };
		E93393D81F062DA600CBD781 /* NoteVC.h */ = {isa = PBXFileReference; fileEncoding = 4; lastKnownFileType = sourcecode.c.h; path = NoteVC.h; sourceTree = "<group>"; };
		E93393D91F062DA600CBD781 /* NoteVC.m */ = {isa = PBXFileReference; fileEncoding = 4; lastKnownFileType = sourcecode.c.objc; path = NoteVC.m; sourceTree = "<group>"; };
		E93393DA1F062DA600CBD781 /* NoteVC.xib */ = {isa = PBXFileReference; fileEncoding = 4; lastKnownFileType = file.xib; path = NoteVC.xib; sourceTree = "<group>"; };
		E93393DD1F06422700CBD781 /* InfoCEll.h */ = {isa = PBXFileReference; fileEncoding = 4; lastKnownFileType = sourcecode.c.h; path = InfoCEll.h; sourceTree = "<group>"; };
		E93393DE1F06422700CBD781 /* InfoCEll.m */ = {isa = PBXFileReference; fileEncoding = 4; lastKnownFileType = sourcecode.c.objc; path = InfoCEll.m; sourceTree = "<group>"; };
		E93393DF1F06422700CBD781 /* InfoCEll.xib */ = {isa = PBXFileReference; fileEncoding = 4; lastKnownFileType = file.xib; path = InfoCEll.xib; sourceTree = "<group>"; };
		E96358501F839B2100E2A5B6 /* ACEDrawingTools.h */ = {isa = PBXFileReference; lastKnownFileType = sourcecode.c.h; path = ACEDrawingTools.h; sourceTree = "<group>"; };
		E96358511F839B2200E2A5B6 /* ACEDrawingView.m */ = {isa = PBXFileReference; lastKnownFileType = sourcecode.c.objc; path = ACEDrawingView.m; sourceTree = "<group>"; };
		E96358521F839B2200E2A5B6 /* ACEDrawingLabelView.h */ = {isa = PBXFileReference; lastKnownFileType = sourcecode.c.h; path = ACEDrawingLabelView.h; sourceTree = "<group>"; };
		E96358531F839B2200E2A5B6 /* ACEDrawingLabelView.m */ = {isa = PBXFileReference; lastKnownFileType = sourcecode.c.objc; path = ACEDrawingLabelView.m; sourceTree = "<group>"; };
		E96358541F839B2200E2A5B6 /* ACEDrawingToolState.m */ = {isa = PBXFileReference; lastKnownFileType = sourcecode.c.objc; path = ACEDrawingToolState.m; sourceTree = "<group>"; };
		E96358551F839B2200E2A5B6 /* ACEDrawingTools.m */ = {isa = PBXFileReference; lastKnownFileType = sourcecode.c.objc; path = ACEDrawingTools.m; sourceTree = "<group>"; };
		E96358561F839B2300E2A5B6 /* ACEDrawingToolState.h */ = {isa = PBXFileReference; lastKnownFileType = sourcecode.c.h; path = ACEDrawingToolState.h; sourceTree = "<group>"; };
		E96358571F839B2300E2A5B6 /* ACEDrawingView.h */ = {isa = PBXFileReference; lastKnownFileType = sourcecode.c.h; path = ACEDrawingView.h; sourceTree = "<group>"; };
		E96B0A5D1F878FDC00532F9F /* UIView+DropShadow.h */ = {isa = PBXFileReference; lastKnownFileType = sourcecode.c.h; path = "UIView+DropShadow.h"; sourceTree = "<group>"; };
		E96B0A5E1F878FDC00532F9F /* UIView+DropShadow.m */ = {isa = PBXFileReference; lastKnownFileType = sourcecode.c.objc; path = "UIView+DropShadow.m"; sourceTree = "<group>"; };
/* End PBXFileReference section */

/* Begin PBXFrameworksBuildPhase section */
		E93393BB1F062D2700CBD781 /* Frameworks */ = {
			isa = PBXFrameworksBuildPhase;
			buildActionMask = 2147483647;
			files = (
			);
			runOnlyForDeploymentPostprocessing = 0;
		};
/* End PBXFrameworksBuildPhase section */

/* Begin PBXGroup section */
		E93393B51F062D2700CBD781 = {
			isa = PBXGroup;
			children = (
				E93393C01F062D2700CBD781 /* note App */,
				E93393BF1F062D2700CBD781 /* Products */,
			);
			sourceTree = "<group>";
		};
		E93393BF1F062D2700CBD781 /* Products */ = {
			isa = PBXGroup;
			children = (
				E93393BE1F062D2700CBD781 /* note App.app */,
			);
			name = Products;
			sourceTree = "<group>";
		};
		E93393C01F062D2700CBD781 /* note App */ = {
			isa = PBXGroup;
			children = (
				E964ADA11F87B112003D1555 /* Drawing Framework */,
				E964ADA21F87B135003D1555 /* Supporting Files */,
				E964ADA41F87B182003D1555 /* working Area */,
				E93393CD1F062D2800CBD781 /* Assets.xcassets */,
				E93393CF1F062D2800CBD781 /* LaunchScreen.storyboard */,
				E93393D21F062D2800CBD781 /* Info.plist */,
				E93393C11F062D2700CBD781 /* Supporting Files */,
				E93393DD1F06422700CBD781 /* InfoCEll.h */,
				E93393DE1F06422700CBD781 /* InfoCEll.m */,
				E93393DF1F06422700CBD781 /* InfoCEll.xib */,
			);
			path = "note App";
			sourceTree = "<group>";
		};
		E93393C11F062D2700CBD781 /* Supporting Files */ = {
			isa = PBXGroup;
			children = (
				E93393C21F062D2700CBD781 /* main.m */,
			);
			name = "Supporting Files";
			sourceTree = "<group>";
		};
		E964ADA11F87B112003D1555 /* Drawing Framework */ = {
			isa = PBXGroup;
			children = (
				E96358521F839B2200E2A5B6 /* ACEDrawingLabelView.h */,
				E96358531F839B2200E2A5B6 /* ACEDrawingLabelView.m */,
				E96358501F839B2100E2A5B6 /* ACEDrawingTools.h */,
				E96358551F839B2200E2A5B6 /* ACEDrawingTools.m */,
				E96358561F839B2300E2A5B6 /* ACEDrawingToolState.h */,
				E96358541F839B2200E2A5B6 /* ACEDrawingToolState.m */,
				E96358571F839B2300E2A5B6 /* ACEDrawingView.h */,
				E96358511F839B2200E2A5B6 /* ACEDrawingView.m */,
			);
			name = "Drawing Framework";
			sourceTree = "<group>";
		};
		E964ADA21F87B135003D1555 /* Supporting Files */ = {
			isa = PBXGroup;
			children = (
				E96B0A5D1F878FDC00532F9F /* UIView+DropShadow.h */,
				E96B0A5E1F878FDC00532F9F /* UIView+DropShadow.m */,
			);
			name = "Supporting Files";
			sourceTree = "<group>";
		};
		E964ADA41F87B182003D1555 /* working Area */ = {
			isa = PBXGroup;
			children = (
				E93393C41F062D2800CBD781 /* AppDelegate.h */,
				E93393C51F062D2800CBD781 /* AppDelegate.m */,
				E93393D81F062DA600CBD781 /* NoteVC.h */,
				E93393D91F062DA600CBD781 /* NoteVC.m */,
				E93393DA1F062DA600CBD781 /* NoteVC.xib */,
			);
			name = "working Area";
			sourceTree = "<group>";
		};
/* End PBXGroup section */

/* Begin PBXNativeTarget section */
		E93393BD1F062D2700CBD781 /* note App */ = {
			isa = PBXNativeTarget;
			buildConfigurationList = E93393D51F062D2800CBD781 /* Build configuration list for PBXNativeTarget "note App" */;
			buildPhases = (
				E93393BA1F062D2700CBD781 /* Sources */,
				E93393BB1F062D2700CBD781 /* Frameworks */,
				E93393BC1F062D2700CBD781 /* Resources */,
			);
			buildRules = (
			);
			dependencies = (
			);
			name = "note App";
			productName = "note App";
			productReference = E93393BE1F062D2700CBD781 /* note App.app */;
			productType = "com.apple.product-type.application";
		};
/* End PBXNativeTarget section */

/* Begin PBXProject section */
		E93393B61F062D2700CBD781 /* Project object */ = {
			isa = PBXProject;
			attributes = {
				LastUpgradeCheck = 0820;
				ORGANIZATIONNAME = webwerks;
				TargetAttributes = {
					E93393BD1F062D2700CBD781 = {
						CreatedOnToolsVersion = 8.2.1;
						DevelopmentTeam = 9LF24P7WQU;
						ProvisioningStyle = Manual;
					};
				};
			};
			buildConfigurationList = E93393B91F062D2700CBD781 /* Build configuration list for PBXProject "note App" */;
			compatibilityVersion = "Xcode 3.2";
			developmentRegion = English;
			hasScannedForEncodings = 0;
			knownRegions = (
				en,
				Base,
			);
			mainGroup = E93393B51F062D2700CBD781;
			productRefGroup = E93393BF1F062D2700CBD781 /* Products */;
			projectDirPath = "";
			projectRoot = "";
			targets = (
				E93393BD1F062D2700CBD781 /* note App */,
			);
		};
/* End PBXProject section */

/* Begin PBXResourcesBuildPhase section */
		E93393BC1F062D2700CBD781 /* Resources */ = {
			isa = PBXResourcesBuildPhase;
			buildActionMask = 2147483647;
			files = (
				E93393D11F062D2800CBD781 /* LaunchScreen.storyboard in Resources */,
				E93393E11F06422700CBD781 /* InfoCEll.xib in Resources */,
				E93393CE1F062D2800CBD781 /* Assets.xcassets in Resources */,
				E93393DC1F062DA600CBD781 /* NoteVC.xib in Resources */,
			);
			runOnlyForDeploymentPostprocessing = 0;
		};
/* End PBXResourcesBuildPhase section */

/* Begin PBXSourcesBuildPhase section */
		E93393BA1F062D2700CBD781 /* Sources */ = {
			isa = PBXSourcesBuildPhase;
			buildActionMask = 2147483647;
			files = (
				E93393C61F062D2800CBD781 /* AppDelegate.m in Sources */,
				E96358591F839B2300E2A5B6 /* ACEDrawingLabelView.m in Sources */,
				E963585B1F839B2300E2A5B6 /* ACEDrawingTools.m in Sources */,
				E93393E01F06422700CBD781 /* InfoCEll.m in Sources */,
				E96B0A5F1F878FDC00532F9F /* UIView+DropShadow.m in Sources */,
				E93393DB1F062DA600CBD781 /* NoteVC.m in Sources */,
				E963585A1F839B2300E2A5B6 /* ACEDrawingToolState.m in Sources */,
				E96358581F839B2300E2A5B6 /* ACEDrawingView.m in Sources */,
				E93393C31F062D2800CBD781 /* main.m in Sources */,
			);
			runOnlyForDeploymentPostprocessing = 0;
		};
/* End PBXSourcesBuildPhase section */

/* Begin PBXVariantGroup section */
		E93393CF1F062D2800CBD781 /* LaunchScreen.storyboard */ = {
			isa = PBXVariantGroup;
			children = (
				E93393D01F062D2800CBD781 /* Base */,
			);
			name = LaunchScreen.storyboard;
			sourceTree = "<group>";
		};
/* End PBXVariantGroup section */

/* Begin XCBuildConfiguration section */
		E93393D31F062D2800CBD781 /* Debug */ = {
			isa = XCBuildConfiguration;
			buildSettings = {
				ALWAYS_SEARCH_USER_PATHS = NO;
				CLANG_ANALYZER_NONNULL = YES;
				CLANG_CXX_LANGUAGE_STANDARD = "gnu++0x";
				CLANG_CXX_LIBRARY = "libc++";
				CLANG_ENABLE_MODULES = YES;
				CLANG_ENABLE_OBJC_ARC = YES;
				CLANG_WARN_BOOL_CONVERSION = YES;
				CLANG_WARN_CONSTANT_CONVERSION = YES;
				CLANG_WARN_DIRECT_OBJC_ISA_USAGE = YES_ERROR;
				CLANG_WARN_DOCUMENTATION_COMMENTS = YES;
				CLANG_WARN_EMPTY_BODY = YES;
				CLANG_WARN_ENUM_CONVERSION = YES;
				CLANG_WARN_INFINITE_RECURSION = YES;
				CLANG_WARN_INT_CONVERSION = YES;
				CLANG_WARN_OBJC_ROOT_CLASS = YES_ERROR;
				CLANG_WARN_SUSPICIOUS_MOVE = YES;
				CLANG_WARN_UNREACHABLE_CODE = YES;
				CLANG_WARN__DUPLICATE_METHOD_MATCH = YES;
				CODE_SIGN_IDENTITY = "iPhone Developer: prathamesh.navghare@wwindia.com (4HQHR75CVV)";
				"CODE_SIGN_IDENTITY[sdk=iphoneos*]" = "iPhone Developer: prathamesh.navghare@wwindia.com (4HQHR75CVV)";
				COPY_PHASE_STRIP = NO;
				DEBUG_INFORMATION_FORMAT = dwarf;
				DEVELOPMENT_TEAM = 89B4WLNWVT;
				ENABLE_STRICT_OBJC_MSGSEND = YES;
				ENABLE_TESTABILITY = YES;
				GCC_C_LANGUAGE_STANDARD = gnu99;
				GCC_DYNAMIC_NO_PIC = NO;
				GCC_NO_COMMON_BLOCKS = YES;
				GCC_OPTIMIZATION_LEVEL = 0;
				GCC_PREPROCESSOR_DEFINITIONS = (
					"DEBUG=1",
					"$(inherited)",
				);
				GCC_WARN_64_TO_32_BIT_CONVERSION = YES;
				GCC_WARN_ABOUT_RETURN_TYPE = YES_ERROR;
				GCC_WARN_UNDECLARED_SELECTOR = YES;
				GCC_WARN_UNINITIALIZED_AUTOS = YES_AGGRESSIVE;
				GCC_WARN_UNUSED_FUNCTION = YES;
				GCC_WARN_UNUSED_VARIABLE = YES;
				IPHONEOS_DEPLOYMENT_TARGET = 10.2;
				MTL_ENABLE_DEBUG_INFO = YES;
				ONLY_ACTIVE_ARCH = YES;
				PROVISIONING_PROFILE = "78a76de6-e2f9-49fc-b238-b9270fd80b21";
				SDKROOT = iphoneos;
				TARGETED_DEVICE_FAMILY = "1,2";
			};
			name = Debug;
		};
		E93393D41F062D2800CBD781 /* Release */ = {
			isa = XCBuildConfiguration;
			buildSettings = {
				ALWAYS_SEARCH_USER_PATHS = NO;
				CLANG_ANALYZER_NONNULL = YES;
				CLANG_CXX_LANGUAGE_STANDARD = "gnu++0x";
				CLANG_CXX_LIBRARY = "libc++";
				CLANG_ENABLE_MODULES = YES;
				CLANG_ENABLE_OBJC_ARC = YES;
				CLANG_WARN_BOOL_CONVERSION = YES;
				CLANG_WARN_CONSTANT_CONVERSION = YES;
				CLANG_WARN_DIRECT_OBJC_ISA_USAGE = YES_ERROR;
				CLANG_WARN_DOCUMENTATION_COMMENTS = YES;
				CLANG_WARN_EMPTY_BODY = YES;
				CLANG_WARN_ENUM_CONVERSION = YES;
				CLANG_WARN_INFINITE_RECURSION = YES;
				CLANG_WARN_INT_CONVERSION = YES;
				CLANG_WARN_OBJC_ROOT_CLASS = YES_ERROR;
				CLANG_WARN_SUSPICIOUS_MOVE = YES;
				CLANG_WARN_UNREACHABLE_CODE = YES;
				CLANG_WARN__DUPLICATE_METHOD_MATCH = YES;
				CODE_SIGN_IDENTITY = "iPhone Developer: prathamesh.navghare@wwindia.com (4HQHR75CVV)";
				"CODE_SIGN_IDENTITY[sdk=iphoneos*]" = "iPhone Developer: prathamesh.navghare@wwindia.com (4HQHR75CVV)";
				COPY_PHASE_STRIP = NO;
				DEBUG_INFORMATION_FORMAT = "dwarf-with-dsym";
				DEVELOPMENT_TEAM = 89B4WLNWVT;
				ENABLE_NS_ASSERTIONS = NO;
				ENABLE_STRICT_OBJC_MSGSEND = YES;
				GCC_C_LANGUAGE_STANDARD = gnu99;
				GCC_NO_COMMON_BLOCKS = YES;
				GCC_WARN_64_TO_32_BIT_CONVERSION = YES;
				GCC_WARN_ABOUT_RETURN_TYPE = YES_ERROR;
				GCC_WARN_UNDECLARED_SELECTOR = YES;
				GCC_WARN_UNINITIALIZED_AUTOS = YES_AGGRESSIVE;
				GCC_WARN_UNUSED_FUNCTION = YES;
				GCC_WARN_UNUSED_VARIABLE = YES;
				IPHONEOS_DEPLOYMENT_TARGET = 10.2;
				MTL_ENABLE_DEBUG_INFO = NO;
				PROVISIONING_PROFILE = "78a76de6-e2f9-49fc-b238-b9270fd80b21";
				SDKROOT = iphoneos;
				TARGETED_DEVICE_FAMILY = "1,2";
				VALIDATE_PRODUCT = YES;
			};
			name = Release;
		};
		E93393D61F062D2800CBD781 /* Debug */ = {
			isa = XCBuildConfiguration;
			buildSettings = {
				ASSETCATALOG_COMPILER_APPICON_NAME = AppIcon;
				CODE_SIGN_IDENTITY = "iPhone Distribution: Neosoft Technologies (9LF24P7WQU)";
				"CODE_SIGN_IDENTITY[sdk=iphoneos*]" = "iPhone Distribution: Neosoft Technologies (9LF24P7WQU)";
				CODE_SIGN_STYLE = Manual;
				DEVELOPMENT_TEAM = 9LF24P7WQU;
				INFOPLIST_FILE = "note App/Info.plist";
				IPHONEOS_DEPLOYMENT_TARGET = 8.0;
				LD_RUNPATH_SEARCH_PATHS = "$(inherited) @executable_path/Frameworks";
				PRODUCT_BUNDLE_IDENTIFIER = "com.neosofttech.note-App";
				PRODUCT_NAME = "$(TARGET_NAME)";
				PROVISIONING_PROFILE = "21ec413f-0c18-485b-94e1-4ea70ae3256f";
				PROVISIONING_PROFILE_SPECIFIER = Wildcard_AdHoc_Profile;
			};
			name = Debug;
		};
		E93393D71F062D2800CBD781 /* Release */ = {
			isa = XCBuildConfiguration;
			buildSettings = {
				ASSETCATALOG_COMPILER_APPICON_NAME = AppIcon;
				CODE_SIGN_IDENTITY = "iPhone Distribution: Neosoft Technologies (9LF24P7WQU)";
				"CODE_SIGN_IDENTITY[sdk=iphoneos*]" = "iPhone Distribution: Neosoft Technologies (9LF24P7WQU)";
				CODE_SIGN_STYLE = Manual;
				DEVELOPMENT_TEAM = 9LF24P7WQU;
				INFOPLIST_FILE = "note App/Info.plist";
				IPHONEOS_DEPLOYMENT_TARGET = 8.0;
				LD_RUNPATH_SEARCH_PATHS = "$(inherited) @executable_path/Frameworks";
				PRODUCT_BUNDLE_IDENTIFIER = "com.neosofttech.note-App";
				PRODUCT_NAME = "$(TARGET_NAME)";
				PROVISIONING_PROFILE = "21ec413f-0c18-485b-94e1-4ea70ae3256f";
				PROVISIONING_PROFILE_SPECIFIER = Wildcard_AdHoc_Profile;
			};
			name = Release;
		};
/* End XCBuildConfiguration section */

/* Begin XCConfigurationList section */
		E93393B91F062D2700CBD781 /* Build configuration list for PBXProject "note App" */ = {
			isa = XCConfigurationList;
			buildConfigurations = (
				E93393D31F062D2800CBD781 /* Debug */,
				E93393D41F062D2800CBD781 /* Release */,
			);
			defaultConfigurationIsVisible = 0;
			defaultConfigurationName = Release;
		};
		E93393D51F062D2800CBD781 /* Build configuration list for PBXNativeTarget "note App" */ = {
			isa = XCConfigurationList;
			buildConfigurations = (
				E93393D61F062D2800CBD781 /* Debug */,
				E93393D71F062D2800CBD781 /* Release */,
			);
			defaultConfigurationIsVisible = 0;
			defaultConfigurationName = Release;
		};
/* End XCConfigurationList section */
	};
	rootObject = E93393B61F062D2700CBD781 /* Project object */;
}
